{
    "_meta": {
        "hash": {
            "sha256": "6001fa677e93cdba707033043e27e97c225a7b3619b7082bf4b7a69b90ec7c48"
        },
        "pipfile-spec": 6,
        "requires": {
            "python_version": "3.9"
        },
        "sources": [
            {
                "name": "pypi",
                "url": "https://pypi.org/simple",
                "verify_ssl": true
            }
        ]
    },
    "default": {
        "slack-sdk": {
            "hashes": [
                "sha256:60302e32d48db6b4ea5453d92f23ecf3f7b843f799f61eaf271315264d7cb281",
                "sha256:70d5a55a5d52ba7128d5347ed995425e1f83e729667ab296035bcf6c1b13a049"
            ],
            "index": "pypi",
            "version": "==3.17.2"
        }
    },
    "develop": {}
}
